{
  "version": 4,
  "terraform_version": "0.14.6",
  "serial": 10,
  "lineage": "8f7d10ac-3e1f-7256-59f7-53d90e4a1bfe",
  "outputs": {},
  "resources": [
    {
      "mode": "managed",
      "type": "azurerm_app_service_plan",
      "name": "lm_logs",
      "provider": "provider[\"registry.terraform.io/hashicorp/azurerm\"]",
      "instances": [
        {
          "schema_version": 0,
          "attributes": {
            "app_service_environment_id": "",
            "id": "/subscriptions/318382e3-a165-4f0d-8906-01fb4cd06b74/resourceGroups/lm-logs-lmpoojachoudhary-westindia-group/providers/Microsoft.Web/serverfarms/lm-logs-lmpoojachoudhary-westindia-service-plan",
            "is_xenon": false,
            "kind": "linux",
            "location": "westindia",
            "maximum_elastic_worker_count": 1,
            "maximum_number_of_workers": 10,
            "name": "lm-logs-lmpoojachoudhary-westindia-service-plan",
            "per_site_scaling": false,
            "reserved": true,
            "resource_group_name": "lm-logs-lmpoojachoudhary-westindia-group",
            "sku": [
              {
                "capacity": 1,
                "size": "S1",
                "tier": "Standard"
              }
            ],
            "tags": {
              "Application": "LM Logs Beta",
              "Criticality": "-",
              "Environment": "-",
              "Owner": "-",
              "deployedBy": "Terraform"
            },
            "timeouts": null
          },
          "sensitive_attributes": [],
          "private": "eyJlMmJmYjczMC1lY2FhLTExZTYtOGY4OC0zNDM2M2JjN2M0YzAiOnsiY3JlYXRlIjozNjAwMDAwMDAwMDAwLCJkZWxldGUiOjM2MDAwMDAwMDAwMDAsInJlYWQiOjMwMDAwMDAwMDAwMCwidXBkYXRlIjozNjAwMDAwMDAwMDAwfX0=",
          "dependencies": [
            "azurerm_resource_group.lm_logs"
          ]
        }
      ]
    },
    {
      "mode": "managed",
      "type": "azurerm_eventhub",
      "name": "lm_logs",
      "provider": "provider[\"registry.terraform.io/hashicorp/azurerm\"]",
      "instances": [
        {
          "schema_version": 0,
          "attributes": {
            "capture_description": [],
            "id": "/subscriptions/318382e3-a165-4f0d-8906-01fb4cd06b74/resourceGroups/lm-logs-lmpoojachoudhary-westindia-group/providers/Microsoft.EventHub/namespaces/lm-logs-lmpoojachoudhary-westindia/eventhubs/log-hub",
            "message_retention": 1,
            "name": "log-hub",
            "namespace_name": "lm-logs-lmpoojachoudhary-westindia",
            "partition_count": 1,
            "partition_ids": [
              "0"
            ],
            "resource_group_name": "lm-logs-lmpoojachoudhary-westindia-group",
            "timeouts": null
          },
          "sensitive_attributes": [],
          "private": "eyJlMmJmYjczMC1lY2FhLTExZTYtOGY4OC0zNDM2M2JjN2M0YzAiOnsiY3JlYXRlIjoxODAwMDAwMDAwMDAwLCJkZWxldGUiOjE4MDAwMDAwMDAwMDAsInJlYWQiOjMwMDAwMDAwMDAwMCwidXBkYXRlIjoxODAwMDAwMDAwMDAwfX0=",
          "dependencies": [
            "azurerm_eventhub_namespace.lm_logs",
            "azurerm_resource_group.lm_logs"
          ]
        }
      ]
    },
    {
      "mode": "managed",
      "type": "azurerm_eventhub_authorization_rule",
      "name": "lm_logs_listener",
      "provider": "provider[\"registry.terraform.io/hashicorp/azurerm\"]",
      "instances": [
        {
          "schema_version": 0,
          "attributes": {
            "eventhub_name": "log-hub",
            "id": "/subscriptions/318382e3-a165-4f0d-8906-01fb4cd06b74/resourceGroups/lm-logs-lmpoojachoudhary-westindia-group/providers/Microsoft.EventHub/namespaces/lm-logs-lmpoojachoudhary-westindia/eventhubs/log-hub/authorizationRules/listener",
            "listen": true,
            "manage": false,
            "name": "listener",
            "namespace_name": "lm-logs-lmpoojachoudhary-westindia",
            "primary_connection_string": "Endpoint=sb://lm-logs-lmpoojachoudhary-westindia.servicebus.windows.net/;SharedAccessKeyName=listener;SharedAccessKey=DeKo45Kn5DfAeglbcIJOooIGOz+VWTmdhZbbOIrXoMg=;EntityPath=log-hub",
            "primary_connection_string_alias": "",
            "primary_key": "DeKo45Kn5DfAeglbcIJOooIGOz+VWTmdhZbbOIrXoMg=",
            "resource_group_name": "lm-logs-lmpoojachoudhary-westindia-group",
            "secondary_connection_string": "Endpoint=sb://lm-logs-lmpoojachoudhary-westindia.servicebus.windows.net/;SharedAccessKeyName=listener;SharedAccessKey=Ybn0ncz7KMY11J5YTAnv/Aqsl6xc1V4z9M4z8S1/Q18=;EntityPath=log-hub",
            "secondary_connection_string_alias": "",
            "secondary_key": "Ybn0ncz7KMY11J5YTAnv/Aqsl6xc1V4z9M4z8S1/Q18=",
            "send": false,
            "timeouts": null
          },
          "sensitive_attributes": [],
          "private": "eyJlMmJmYjczMC1lY2FhLTExZTYtOGY4OC0zNDM2M2JjN2M0YzAiOnsiY3JlYXRlIjoxODAwMDAwMDAwMDAwLCJkZWxldGUiOjE4MDAwMDAwMDAwMDAsInJlYWQiOjMwMDAwMDAwMDAwMCwidXBkYXRlIjoxODAwMDAwMDAwMDAwfX0=",
          "dependencies": [
            "azurerm_eventhub.lm_logs",
            "azurerm_eventhub_namespace.lm_logs",
            "azurerm_resource_group.lm_logs"
          ]
        }
      ]
    },
    {
      "mode": "managed",
      "type": "azurerm_eventhub_authorization_rule",
      "name": "lm_logs_sender",
      "provider": "provider[\"registry.terraform.io/hashicorp/azurerm\"]",
      "instances": [
        {
          "schema_version": 0,
          "attributes": {
            "eventhub_name": "log-hub",
            "id": "/subscriptions/318382e3-a165-4f0d-8906-01fb4cd06b74/resourceGroups/lm-logs-lmpoojachoudhary-westindia-group/providers/Microsoft.EventHub/namespaces/lm-logs-lmpoojachoudhary-westindia/eventhubs/log-hub/authorizationRules/sender",
            "listen": false,
            "manage": false,
            "name": "sender",
            "namespace_name": "lm-logs-lmpoojachoudhary-westindia",
            "primary_connection_string": "Endpoint=sb://lm-logs-lmpoojachoudhary-westindia.servicebus.windows.net/;SharedAccessKeyName=sender;SharedAccessKey=sPUK3/O+LOjimIBrPcS/Rp5AgnaYza8j4GKKM4XhlN4=;EntityPath=log-hub",
            "primary_connection_string_alias": "",
            "primary_key": "sPUK3/O+LOjimIBrPcS/Rp5AgnaYza8j4GKKM4XhlN4=",
            "resource_group_name": "lm-logs-lmpoojachoudhary-westindia-group",
            "secondary_connection_string": "Endpoint=sb://lm-logs-lmpoojachoudhary-westindia.servicebus.windows.net/;SharedAccessKeyName=sender;SharedAccessKey=pk4hlGiB88eelHnJNWfe9bm0XAdjaroTINeLgvpM3Lk=;EntityPath=log-hub",
            "secondary_connection_string_alias": "",
            "secondary_key": "pk4hlGiB88eelHnJNWfe9bm0XAdjaroTINeLgvpM3Lk=",
            "send": true,
            "timeouts": null
          },
          "sensitive_attributes": [],
          "private": "eyJlMmJmYjczMC1lY2FhLTExZTYtOGY4OC0zNDM2M2JjN2M0YzAiOnsiY3JlYXRlIjoxODAwMDAwMDAwMDAwLCJkZWxldGUiOjE4MDAwMDAwMDAwMDAsInJlYWQiOjMwMDAwMDAwMDAwMCwidXBkYXRlIjoxODAwMDAwMDAwMDAwfX0=",
          "dependencies": [
            "azurerm_eventhub.lm_logs",
            "azurerm_eventhub_namespace.lm_logs",
            "azurerm_resource_group.lm_logs"
          ]
        }
      ]
    },
    {
      "mode": "managed",
      "type": "azurerm_eventhub_namespace",
      "name": "lm_logs",
      "provider": "provider[\"registry.terraform.io/hashicorp/azurerm\"]",
      "instances": [
        {
          "schema_version": 0,
          "attributes": {
            "auto_inflate_enabled": false,
            "capacity": 1,
            "dedicated_cluster_id": "",
            "default_primary_connection_string": "Endpoint=sb://lm-logs-lmpoojachoudhary-westindia.servicebus.windows.net/;SharedAccessKeyName=RootManageSharedAccessKey;SharedAccessKey=Iw2iXCvyqGk5YjPsrx7ThK6/8aA23yUhyu68bi3deKY=",
            "default_primary_connection_string_alias": "",
            "default_primary_key": "Iw2iXCvyqGk5YjPsrx7ThK6/8aA23yUhyu68bi3deKY=",
            "default_secondary_connection_string": "Endpoint=sb://lm-logs-lmpoojachoudhary-westindia.servicebus.windows.net/;SharedAccessKeyName=RootManageSharedAccessKey;SharedAccessKey=5IS09D4Bj339crdj8jf0MxPM8F296/ILFhcrzpWmC3c=",
            "default_secondary_connection_string_alias": "",
            "default_secondary_key": "5IS09D4Bj339crdj8jf0MxPM8F296/ILFhcrzpWmC3c=",
            "id": "/subscriptions/318382e3-a165-4f0d-8906-01fb4cd06b74/resourceGroups/lm-logs-lmpoojachoudhary-westindia-group/providers/Microsoft.EventHub/namespaces/lm-logs-lmpoojachoudhary-westindia",
            "identity": [],
            "location": "westindia",
            "maximum_throughput_units": 0,
            "name": "lm-logs-lmpoojachoudhary-westindia",
            "network_rulesets": [
              {
                "default_action": "Deny",
                "ip_rule": [],
                "trusted_service_access_enabled": false,
                "virtual_network_rule": []
              }
            ],
            "resource_group_name": "lm-logs-lmpoojachoudhary-westindia-group",
            "sku": "Standard",
            "tags": {
              "Application": "LM Logs Beta",
              "Criticality": "-",
              "Environment": "-",
              "Owner": "-",
              "deployedBy": "Terraform"
            },
            "timeouts": null,
            "zone_redundant": false
          },
          "sensitive_attributes": [],
          "private": "eyJlMmJmYjczMC1lY2FhLTExZTYtOGY4OC0zNDM2M2JjN2M0YzAiOnsiY3JlYXRlIjoxODAwMDAwMDAwMDAwLCJkZWxldGUiOjE4MDAwMDAwMDAwMDAsInJlYWQiOjMwMDAwMDAwMDAwMCwidXBkYXRlIjoxODAwMDAwMDAwMDAwfX0=",
          "dependencies": [
            "azurerm_resource_group.lm_logs"
          ]
        }
      ]
    },
    {
      "mode": "managed",
      "type": "azurerm_function_app",
      "name": "lm_logs",
      "provider": "provider[\"registry.terraform.io/hashicorp/azurerm\"]",
      "instances": [
        {
          "schema_version": 0,
          "attributes": {
            "app_service_plan_id": "/subscriptions/318382e3-a165-4f0d-8906-01fb4cd06b74/resourceGroups/lm-logs-lmpoojachoudhary-westindia-group/providers/Microsoft.Web/serverfarms/lm-logs-lmpoojachoudhary-westindia-service-plan",
            "app_settings": {
              "FUNCTIONS_EXTENSION_VERSION": "~3",
              "FUNCTIONS_WORKER_RUNTIME": "java",
              "LogicMonitorAccessId": "Et9vIH4IkI5L23vKr8Q2",
              "LogicMonitorAccessKey": "9h3(2]5477+^99fNgj6+_f4I)QS)23d=3djk[m3z",
              "LogicMonitorCompanyName": "lmpoojachoudhary",
              "LogsEventHubConnectionString": "Endpoint=sb://lm-logs-lmpoojachoudhary-westindia.servicebus.windows.net/;SharedAccessKeyName=listener;SharedAccessKey=DeKo45Kn5DfAeglbcIJOooIGOz+VWTmdhZbbOIrXoMg=;EntityPath=log-hub",
              "WEBSITE_RUN_FROM_PACKAGE": "https://github.com/logicmonitor/lm-logs-azure/raw/master/package/lm-logs-azure.zip"
            },
            "auth_settings": [
              {
                "active_directory": [],
                "additional_login_params": {},
                "allowed_external_redirect_urls": [],
                "default_provider": "",
                "enabled": false,
                "facebook": [],
                "google": [],
                "issuer": "",
                "microsoft": [],
                "runtime_version": "",
                "token_refresh_extension_hours": 0,
                "token_store_enabled": false,
                "twitter": [],
                "unauthenticated_client_action": ""
              }
            ],
            "client_affinity_enabled": false,
            "connection_string": [],
            "custom_domain_verification_id": "AEE858B96D71FCABCAB9FFBC8B8FF4C38434694F5AA603048189289DD29FB069",
            "daily_memory_time_quota": 0,
            "default_hostname": "lm-logs-lmpoojachoudhary-westindia.azurewebsites.net",
            "enable_builtin_logging": true,
            "enabled": true,
            "https_only": true,
            "id": "/subscriptions/318382e3-a165-4f0d-8906-01fb4cd06b74/resourceGroups/lm-logs-lmpoojachoudhary-westindia-group/providers/Microsoft.Web/sites/lm-logs-lmpoojachoudhary-westindia",
            "identity": [],
            "kind": "functionapp,linux",
            "location": "westindia",
            "name": "lm-logs-lmpoojachoudhary-westindia",
            "os_type": "linux",
            "outbound_ip_addresses": "40.81.92.64,40.81.92.40,40.81.92.111,40.81.92.123,40.81.91.74,40.81.92.156",
            "possible_outbound_ip_addresses": "40.81.92.64,40.81.92.40,40.81.92.111,40.81.92.123,40.81.91.74,40.81.92.156,40.81.92.199,40.81.92.247,40.81.93.32,40.81.93.212,40.81.91.165,40.81.92.138",
            "resource_group_name": "lm-logs-lmpoojachoudhary-westindia-group",
            "site_config": [
              {
                "always_on": true,
                "auto_swap_slot_name": "",
                "cors": [
                  {
                    "allowed_origins": [],
                    "support_credentials": false
                  }
                ],
                "ftps_state": "AllAllowed",
                "health_check_path": "",
                "http2_enabled": false,
                "ip_restriction": [],
                "linux_fx_version": "java|11",
                "min_tls_version": "1.2",
                "pre_warmed_instance_count": 0,
                "scm_ip_restriction": [],
                "scm_type": "None",
                "scm_use_main_ip_restriction": false,
                "use_32_bit_worker_process": false,
                "websockets_enabled": false
              }
            ],
            "site_credential": [
              {
                "password": "ftBSqvDB1bEgcWDDp5M5Bf5kNM35XPlAdYrwFJJKv7lsdzHbuxyfSc6AaZPQ",
                "username": "$lm-logs-lmpoojachoudhary-westindia"
              }
            ],
            "source_control": [
              {
                "branch": "master",
                "manual_integration": false,
                "repo_url": "",
                "rollback_enabled": false,
                "use_mercurial": false
              }
            ],
            "storage_account_access_key": "ZXAEdwFlT8/JArrIcowhy0Ny7RE7cxr13E4cYNQ/G4B27hZjuRwgUrIC8KGyWAXuOy8IBbXu9Pyy+6u4kwDPVg==",
            "storage_account_name": "mpoojachoudharywestindia",
            "storage_connection_string": "DefaultEndpointsProtocol=https;AccountName=mpoojachoudharywestindia;AccountKey=ZXAEdwFlT8/JArrIcowhy0Ny7RE7cxr13E4cYNQ/G4B27hZjuRwgUrIC8KGyWAXuOy8IBbXu9Pyy+6u4kwDPVg==;EndpointSuffix=core.windows.net",
            "tags": {
              "Application": "LM Logs Beta",
              "Criticality": "-",
              "Environment": "-",
              "Owner": "-",
              "deployedBy": "Terraform"
            },
            "timeouts": null,
            "version": "~3"
          },
          "sensitive_attributes": [],
          "private": "eyJlMmJmYjczMC1lY2FhLTExZTYtOGY4OC0zNDM2M2JjN2M0YzAiOnsiY3JlYXRlIjoxODAwMDAwMDAwMDAwLCJkZWxldGUiOjE4MDAwMDAwMDAwMDAsInJlYWQiOjMwMDAwMDAwMDAwMCwidXBkYXRlIjoxODAwMDAwMDAwMDAwfX0=",
          "dependencies": [
            "azurerm_app_service_plan.lm_logs",
            "azurerm_eventhub.lm_logs",
            "azurerm_eventhub_authorization_rule.lm_logs_listener",
            "azurerm_eventhub_namespace.lm_logs",
            "azurerm_resource_group.lm_logs",
            "azurerm_storage_account.lm_logs"
          ]
        }
      ]
    },
    {
      "mode": "managed",
      "type": "azurerm_resource_group",
      "name": "lm_logs",
      "provider": "provider[\"registry.terraform.io/hashicorp/azurerm\"]",
      "instances": [
        {
          "schema_version": 0,
          "attributes": {
            "id": "/subscriptions/318382e3-a165-4f0d-8906-01fb4cd06b74/resourceGroups/lm-logs-lmpoojachoudhary-westindia-group",
            "location": "westindia",
            "name": "lm-logs-lmpoojachoudhary-westindia-group",
            "tags": {
              "Application": "LM Logs Beta",
              "Criticality": "-",
              "Environment": "-",
              "Owner": "-",
              "deployedBy": "Terraform"
            },
            "timeouts": null
          },
          "sensitive_attributes": [],
          "private": "eyJlMmJmYjczMC1lY2FhLTExZTYtOGY4OC0zNDM2M2JjN2M0YzAiOnsiY3JlYXRlIjo1NDAwMDAwMDAwMDAwLCJkZWxldGUiOjU0MDAwMDAwMDAwMDAsInJlYWQiOjMwMDAwMDAwMDAwMCwidXBkYXRlIjo1NDAwMDAwMDAwMDAwfX0="
        }
      ]
    },
    {
      "mode": "managed",
      "type": "azurerm_storage_account",
      "name": "lm_logs",
      "provider": "provider[\"registry.terraform.io/hashicorp/azurerm\"]",
      "instances": [
        {
          "schema_version": 2,
          "attributes": {
            "access_tier": "Hot",
            "account_kind": "StorageV2",
            "account_replication_type": "LRS",
            "account_tier": "Standard",
            "allow_blob_public_access": false,
            "blob_properties": [],
            "custom_domain": [],
            "enable_https_traffic_only": true,
            "id": "/subscriptions/318382e3-a165-4f0d-8906-01fb4cd06b74/resourceGroups/lm-logs-lmpoojachoudhary-westindia-group/providers/Microsoft.Storage/storageAccounts/mpoojachoudharywestindia",
            "identity": [],
            "is_hns_enabled": false,
            "large_file_share_enabled": null,
            "location": "westindia",
            "min_tls_version": "TLS1_0",
            "name": "mpoojachoudharywestindia",
            "network_rules": [
              {
                "bypass": [
                  "AzureServices"
                ],
                "default_action": "Allow",
                "ip_rules": [],
                "virtual_network_subnet_ids": []
              }
            ],
            "primary_access_key": "ZXAEdwFlT8/JArrIcowhy0Ny7RE7cxr13E4cYNQ/G4B27hZjuRwgUrIC8KGyWAXuOy8IBbXu9Pyy+6u4kwDPVg==",
            "primary_blob_connection_string": "DefaultEndpointsProtocol=https;BlobEndpoint=https://mpoojachoudharywestindia.blob.core.windows.net/;AccountName=mpoojachoudharywestindia;AccountKey=ZXAEdwFlT8/JArrIcowhy0Ny7RE7cxr13E4cYNQ/G4B27hZjuRwgUrIC8KGyWAXuOy8IBbXu9Pyy+6u4kwDPVg==",
            "primary_blob_endpoint": "https://mpoojachoudharywestindia.blob.core.windows.net/",
            "primary_blob_host": "mpoojachoudharywestindia.blob.core.windows.net",
            "primary_connection_string": "DefaultEndpointsProtocol=https;AccountName=mpoojachoudharywestindia;AccountKey=ZXAEdwFlT8/JArrIcowhy0Ny7RE7cxr13E4cYNQ/G4B27hZjuRwgUrIC8KGyWAXuOy8IBbXu9Pyy+6u4kwDPVg==;EndpointSuffix=core.windows.net",
            "primary_dfs_endpoint": "https://mpoojachoudharywestindia.dfs.core.windows.net/",
            "primary_dfs_host": "mpoojachoudharywestindia.dfs.core.windows.net",
            "primary_file_endpoint": "https://mpoojachoudharywestindia.file.core.windows.net/",
            "primary_file_host": "mpoojachoudharywestindia.file.core.windows.net",
            "primary_location": "westindia",
            "primary_queue_endpoint": "https://mpoojachoudharywestindia.queue.core.windows.net/",
            "primary_queue_host": "mpoojachoudharywestindia.queue.core.windows.net",
            "primary_table_endpoint": "https://mpoojachoudharywestindia.table.core.windows.net/",
            "primary_table_host": "mpoojachoudharywestindia.table.core.windows.net",
            "primary_web_endpoint": "https://mpoojachoudharywestindia.z10.web.core.windows.net/",
            "primary_web_host": "mpoojachoudharywestindia.z10.web.core.windows.net",
            "queue_properties": [
              {
                "cors_rule": [],
                "hour_metrics": [
                  {
                    "enabled": true,
                    "include_apis": true,
                    "retention_policy_days": 7,
                    "version": "1.0"
                  }
                ],
                "logging": [
                  {
                    "delete": false,
                    "read": false,
                    "retention_policy_days": 0,
                    "version": "1.0",
                    "write": false
                  }
                ],
                "minute_metrics": [
                  {
                    "enabled": false,
                    "include_apis": false,
                    "retention_policy_days": 0,
                    "version": "1.0"
                  }
                ]
              }
            ],
            "resource_group_name": "lm-logs-lmpoojachoudhary-westindia-group",
            "secondary_access_key": "bdcXQ7OJkcQGXj1bAIR70xJViGFDO7Agudsilj4oG7O8z2KSThPt8N2z5UVfhIWJoDQBFI286SJV6d2GfPskaQ==",
            "secondary_blob_connection_string": "",
            "secondary_blob_endpoint": null,
            "secondary_blob_host": null,
            "secondary_connection_string": "DefaultEndpointsProtocol=https;AccountName=mpoojachoudharywestindia;AccountKey=bdcXQ7OJkcQGXj1bAIR70xJViGFDO7Agudsilj4oG7O8z2KSThPt8N2z5UVfhIWJoDQBFI286SJV6d2GfPskaQ==;EndpointSuffix=core.windows.net",
            "secondary_dfs_endpoint": null,
            "secondary_dfs_host": null,
            "secondary_file_endpoint": null,
            "secondary_file_host": null,
            "secondary_location": "",
            "secondary_queue_endpoint": null,
            "secondary_queue_host": null,
            "secondary_table_endpoint": null,
            "secondary_table_host": null,
            "secondary_web_endpoint": null,
            "secondary_web_host": null,
            "static_website": [],
            "tags": {
              "Application": "LM Logs Beta",
              "Criticality": "-",
              "Environment": "-",
              "Owner": "-",
              "deployedBy": "Terraform"
            },
            "timeouts": null
          },
          "sensitive_attributes": [],
          "private": "eyJlMmJmYjczMC1lY2FhLTExZTYtOGY4OC0zNDM2M2JjN2M0YzAiOnsiY3JlYXRlIjozNjAwMDAwMDAwMDAwLCJkZWxldGUiOjM2MDAwMDAwMDAwMDAsInJlYWQiOjMwMDAwMDAwMDAwMCwidXBkYXRlIjozNjAwMDAwMDAwMDAwfSwic2NoZW1hX3ZlcnNpb24iOiIyIn0=",
          "dependencies": [
            "azurerm_resource_group.lm_logs"
          ]
        }
      ]
    },
    {
      "mode": "managed",
      "type": "null_resource",
      "name": "restart_function_app_after_2_minutes",
      "provider": "provider[\"registry.terraform.io/hashicorp/null\"]",
      "instances": [
        {
          "schema_version": 0,
          "attributes": {
            "id": "2461618083580013591",
            "triggers": null
          },
          "sensitive_attributes": [],
          "private": "bnVsbA==",
          "dependencies": [
            "azurerm_app_service_plan.lm_logs",
            "azurerm_eventhub.lm_logs",
            "azurerm_eventhub_authorization_rule.lm_logs_listener",
            "azurerm_eventhub_namespace.lm_logs",
            "azurerm_function_app.lm_logs",
            "azurerm_resource_group.lm_logs",
            "azurerm_storage_account.lm_logs"
          ]
        }
      ]
    }
  ]
}
